// !$*UTF8*$!
{
	archiveVersion = 1;
	classes = {
	};
	objectVersion = 50;
	objects = {

/* Begin PBXBuildFile section */
		43AB3C4822A9C1590056A8F2 /* AppDelegate.swift in Sources */ = {isa = PBXBuildFile; fileRef = 43AB3C4722A9C1590056A8F2 /* AppDelegate.swift */; };
		43AB3C4A22A9C1590056A8F2 /* ViewController.swift in Sources */ = {isa = PBXBuildFile; fileRef = 43AB3C4922A9C1590056A8F2 /* ViewController.swift */; };
		43AB3C4D22A9C1590056A8F2 /* Main.storyboard in Resources */ = {isa = PBXBuildFile; fileRef = 43AB3C4B22A9C1590056A8F2 /* Main.storyboard */; };
		43AB3C4F22A9C15B0056A8F2 /* Assets.xcassets in Resources */ = {isa = PBXBuildFile; fileRef = 43AB3C4E22A9C15B0056A8F2 /* Assets.xcassets */; };
		43AB3C5222A9C15B0056A8F2 /* LaunchScreen.storyboard in Resources */ = {isa = PBXBuildFile; fileRef = 43AB3C5022A9C15B0056A8F2 /* LaunchScreen.storyboard */; };
		43AB3C5D22A9C15B0056A8F2 /* LabelTestTests.swift in Sources */ = {isa = PBXBuildFile; fileRef = 43AB3C5C22A9C15B0056A8F2 /* LabelTestTests.swift */; };
		43AB3C6822A9C15B0056A8F2 /* LabelTestUITests.swift in Sources */ = {isa = PBXBuildFile; fileRef = 43AB3C6722A9C15B0056A8F2 /* LabelTestUITests.swift */; };
/* End PBXBuildFile section */

/* Begin PBXContainerItemProxy section */
		43AB3C5922A9C15B0056A8F2 /* PBXContainerItemProxy */ = {
			isa = PBXContainerItemProxy;
			containerPortal = 43AB3C3C22A9C1590056A8F2 /* Project object */;
			proxyType = 1;
			remoteGlobalIDString = 43AB3C4322A9C1590056A8F2;
			remoteInfo = LabelTest;
		};
		43AB3C6422A9C15B0056A8F2 /* PBXContainerItemProxy */ = {
			isa = PBXContainerItemProxy;
			containerPortal = 43AB3C3C22A9C1590056A8F2 /* Project object */;
			proxyType = 1;
			remoteGlobalIDString = 43AB3C4322A9C1590056A8F2;
			remoteInfo = LabelTest;
		};
/* End PBXContainerItemProxy section */

/* Begin PBXFileReference section */
		43AB3C4422A9C1590056A8F2 /* LabelTest.app */ = {isa = PBXFileReference; explicitFileType = wrapper.application; includeInIndex = 0; path = LabelTest.app; sourceTree = BUILT_PRODUCTS_DIR; };
		43AB3C4722A9C1590056A8F2 /* AppDelegate.swift */ = {isa = PBXFileReference; lastKnownFileType = sourcecode.swift; path = AppDelegate.swift; sourceTree = "<group>"; };
		43AB3C4922A9C1590056A8F2 /* ViewController.swift */ = {isa = PBXFileReference; lastKnownFileType = sourcecode.swift; path = ViewController.swift; sourceTree = "<group>"; };
		43AB3C4C22A9C1590056A8F2 /* Base */ = {isa = PBXFileReference; lastKnownFileType = file.storyboard; name = Base; path = Base.lproj/Main.storyboard; sourceTree = "<group>"; };
		43AB3C4E22A9C15B0056A8F2 /* Assets.xcassets */ = {isa = PBXFileReference; lastKnownFileType = folder.assetcatalog; path = Assets.xcassets; sourceTree = "<group>"; };
		43AB3C5122A9C15B0056A8F2 /* Base */ = {isa = PBXFileReference; lastKnownFileType = file.storyboard; name = Base; path = Base.lproj/LaunchScreen.storyboard; sourceTree = "<group>"; };
		43AB3C5322A9C15B0056A8F2 /* Info.plist */ = {isa = PBXFileReference; lastKnownFileType = text.plist.xml; path = Info.plist; sourceTree = "<group>"; };
		43AB3C5822A9C15B0056A8F2 /* LabelTestTests.xctest */ = {isa = PBXFileReference; explicitFileType = wrapper.cfbundle; includeInIndex = 0; path = LabelTestTests.xctest; sourceTree = BUILT_PRODUCTS_DIR; };
		43AB3C5C22A9C15B0056A8F2 /* LabelTestTests.swift */ = {isa = PBXFileReference; lastKnownFileType = sourcecode.swift; path = LabelTestTests.swift; sourceTree = "<group>"; };
		43AB3C5E22A9C15B0056A8F2 /* Info.plist */ = {isa = PBXFileReference; lastKnownFileType = text.plist.xml; path = Info.plist; sourceTree = "<group>"; };
		43AB3C6322A9C15B0056A8F2 /* LabelTestUITests.xctest */ = {isa = PBXFileReference; explicitFileType = wrapper.cfbundle; includeInIndex = 0; path = LabelTestUITests.xctest; sourceTree = BUILT_PRODUCTS_DIR; };
		43AB3C6722A9C15B0056A8F2 /* LabelTestUITests.swift */ = {isa = PBXFileReference; lastKnownFileType = sourcecode.swift; path = LabelTestUITests.swift; sourceTree = "<group>"; };
		43AB3C6922A9C15B0056A8F2 /* Info.plist */ = {isa = PBXFileReference; lastKnownFileType = text.plist.xml; path = Info.plist; sourceTree = "<group>"; };
/* End PBXFileReference section */

/* Begin PBXFrameworksBuildPhase section */
		43AB3C4122A9C1590056A8F2 /* Frameworks */ = {
			isa = PBXFrameworksBuildPhase;
			buildActionMask = 2147483647;
			files = (
			);
			runOnlyForDeploymentPostprocessing = 0;
		};
		43AB3C5522A9C15B0056A8F2 /* Frameworks */ = {
			isa = PBXFrameworksBuildPhase;
			buildActionMask = 2147483647;
			files = (
			);
			runOnlyForDeploymentPostprocessing = 0;
		};
		43AB3C6022A9C15B0056A8F2 /* Frameworks */ = {
			isa = PBXFrameworksBuildPhase;
			buildActionMask = 2147483647;
			files = (
			);
			runOnlyForDeploymentPostprocessing = 0;
		};
/* End PBXFrameworksBuildPhase section */

/* Begin PBXGroup section */
		43AB3C3B22A9C1590056A8F2 = {
			isa = PBXGroup;
			children = (
				43AB3C4622A9C1590056A8F2 /* LabelTest */,
				43AB3C5B22A9C15B0056A8F2 /* LabelTestTests */,
				43AB3C6622A9C15B0056A8F2 /* LabelTestUITests */,
				43AB3C4522A9C1590056A8F2 /* Products */,
			);
			sourceTree = "<group>";
		};
		43AB3C4522A9C1590056A8F2 /* Products */ = {
			isa = PBXGroup;
			children = (
				43AB3C4422A9C1590056A8F2 /* LabelTest.app */,
				43AB3C5822A9C15B0056A8F2 /* LabelTestTests.xctest */,
				43AB3C6322A9C15B0056A8F2 /* LabelTestUITests.xctest */,
			);
			name = Products;
			sourceTree = "<group>";
		};
		43AB3C4622A9C1590056A8F2 /* LabelTest */ = {
			isa = PBXGroup;
			children = (
				43AB3C4722A9C1590056A8F2 /* AppDelegate.swift */,
				43AB3C4922A9C1590056A8F2 /* ViewController.swift */,
				43AB3C4B22A9C1590056A8F2 /* Main.storyboard */,
				43AB3C4E22A9C15B0056A8F2 /* Assets.xcassets */,
				43AB3C5022A9C15B0056A8F2 /* LaunchScreen.storyboard */,
				43AB3C5322A9C15B0056A8F2 /* Info.plist */,
			);
			path = LabelTest;
			sourceTree = "<group>";
		};
		43AB3C5B22A9C15B0056A8F2 /* LabelTestTests */ = {
			isa = PBXGroup;
			children = (
				43AB3C5C22A9C15B0056A8F2 /* LabelTestTests.swift */,
				43AB3C5E22A9C15B0056A8F2 /* Info.plist */,
			);
			path = LabelTestTests;
			sourceTree = "<group>";
		};
		43AB3C6622A9C15B0056A8F2 /* LabelTestUITests */ = {
			isa = PBXGroup;
			children = (
				43AB3C6722A9C15B0056A8F2 /* LabelTestUITests.swift */,
				43AB3C6922A9C15B0056A8F2 /* Info.plist */,
			);
			path = LabelTestUITests;
			sourceTree = "<group>";
		};
/* End PBXGroup section */

/* Begin PBXNativeTarget section */
		43AB3C4322A9C1590056A8F2 /* LabelTest */ = {
			isa = PBXNativeTarget;
			buildConfigurationList = 43AB3C6C22A9C15B0056A8F2 /* Build configuration list for PBXNativeTarget "LabelTest" */;
			buildPhases = (
				43AB3C4022A9C1590056A8F2 /* Sources */,
				43AB3C4122A9C1590056A8F2 /* Frameworks */,
				43AB3C4222A9C1590056A8F2 /* Resources */,
			);
			buildRules = (
			);
			dependencies = (
			);
			name = LabelTest;
			productName = LabelTest;
			productReference = 43AB3C4422A9C1590056A8F2 /* LabelTest.app */;
			productType = "com.apple.product-type.application";
		};
		43AB3C5722A9C15B0056A8F2 /* LabelTestTests */ = {
			isa = PBXNativeTarget;
			buildConfigurationList = 43AB3C6F22A9C15B0056A8F2 /* Build configuration list for PBXNativeTarget "LabelTestTests" */;
			buildPhases = (
				43AB3C5422A9C15B0056A8F2 /* Sources */,
				43AB3C5522A9C15B0056A8F2 /* Frameworks */,
				43AB3C5622A9C15B0056A8F2 /* Resources */,
			);
			buildRules = (
			);
			dependencies = (
				43AB3C5A22A9C15B0056A8F2 /* PBXTargetDependency */,
			);
			name = LabelTestTests;
			productName = LabelTestTests;
			productReference = 43AB3C5822A9C15B0056A8F2 /* LabelTestTests.xctest */;
			productType = "com.apple.product-type.bundle.unit-test";
		};
		43AB3C6222A9C15B0056A8F2 /* LabelTestUITests */ = {
			isa = PBXNativeTarget;
			buildConfigurationList = 43AB3C7222A9C15B0056A8F2 /* Build configuration list for PBXNativeTarget "LabelTestUITests" */;
			buildPhases = (
				43AB3C5F22A9C15B0056A8F2 /* Sources */,
				43AB3C6022A9C15B0056A8F2 /* Frameworks */,
				43AB3C6122A9C15B0056A8F2 /* Resources */,
			);
			buildRules = (
			);
			dependencies = (
				43AB3C6522A9C15B0056A8F2 /* PBXTargetDependency */,
			);
			name = LabelTestUITests;
			productName = LabelTestUITests;
			productReference = 43AB3C6322A9C15B0056A8F2 /* LabelTestUITests.xctest */;
			productType = "com.apple.product-type.bundle.ui-testing";
		};
/* End PBXNativeTarget section */

/* Begin PBXProject section */
		43AB3C3C22A9C1590056A8F2 /* Project object */ = {
			isa = PBXProject;
			attributes = {
				LastSwiftUpdateCheck = 1010;
				LastUpgradeCheck = 1010;
				ORGANIZATIONNAME = "Stephanie Sharp";
				TargetAttributes = {
					43AB3C4322A9C1590056A8F2 = {
						CreatedOnToolsVersion = 10.1;
					};
					43AB3C5722A9C15B0056A8F2 = {
						CreatedOnToolsVersion = 10.1;
						TestTargetID = 43AB3C4322A9C1590056A8F2;
					};
					43AB3C6222A9C15B0056A8F2 = {
						CreatedOnToolsVersion = 10.1;
						TestTargetID = 43AB3C4322A9C1590056A8F2;
					};
				};
			};
			buildConfigurationList = 43AB3C3F22A9C1590056A8F2 /* Build configuration list for PBXProject "LabelTest" */;
			compatibilityVersion = "Xcode 9.3";
			developmentRegion = en;
			hasScannedForEncodings = 0;
			knownRegions = (
				en,
				Base,
			);
			mainGroup = 43AB3C3B22A9C1590056A8F2;
			productRefGroup = 43AB3C4522A9C1590056A8F2 /* Products */;
			projectDirPath = "";
			projectRoot = "";
			targets = (
				43AB3C4322A9C1590056A8F2 /* LabelTest */,
				43AB3C5722A9C15B0056A8F2 /* LabelTestTests */,
				43AB3C6222A9C15B0056A8F2 /* LabelTestUITests */,
			);
		};
/* End PBXProject section */

/* Begin PBXResourcesBuildPhase section */
		43AB3C4222A9C1590056A8F2 /* Resources */ = {
			isa = PBXResourcesBuildPhase;
			buildActionMask = 2147483647;
			files = (
				43AB3C5222A9C15B0056A8F2 /* LaunchScreen.storyboard in Resources */,
				43AB3C4F22A9C15B0056A8F2 /* Assets.xcassets in Resources */,
				43AB3C4D22A9C1590056A8F2 /* Main.storyboard in Resources */,
			);
			runOnlyForDeploymentPostprocessing = 0;
		};
		43AB3C5622A9C15B0056A8F2 /* Resources */ = {
			isa = PBXResourcesBuildPhase;
			buildActionMask = 2147483647;
			files = (
			);
			runOnlyForDeploymentPostprocessing = 0;
		};
		43AB3C6122A9C15B0056A8F2 /* Resources */ = {
			isa = PBXResourcesBuildPhase;
			buildActionMask = 2147483647;
			files = (
			);
			runOnlyForDeploymentPostprocessing = 0;
		};
/* End PBXResourcesBuildPhase section */

/* Begin PBXSourcesBuildPhase section */
		43AB3C4022A9C1590056A8F2 /* Sources */ = {
			isa = PBXSourcesBuildPhase;
			buildActionMask = 2147483647;
			files = (
				43AB3C4A22A9C1590056A8F2 /* ViewController.swift in Sources */,
				43AB3C4822A9C1590056A8F2 /* AppDelegate.swift in Sources */,
			);
			runOnlyForDeploymentPostprocessing = 0;
		};
		43AB3C5422A9C15B0056A8F2 /* Sources */ = {
			isa = PBXSourcesBuildPhase;
			buildActionMask = 2147483647;
			files = (
				43AB3C5D22A9C15B0056A8F2 /* LabelTestTests.swift in Sources */,
			);
			runOnlyForDeploymentPostprocessing = 0;
		};
		43AB3C5F22A9C15B0056A8F2 /* Sources */ = {
			isa = PBXSourcesBuildPhase;
			buildActionMask = 2147483647;
			files = (
				43AB3C6822A9C15B0056A8F2 /* LabelTestUITests.swift in Sources */,
			);
			runOnlyForDeploymentPostprocessing = 0;
		};
/* End PBXSourcesBuildPhase section */

/* Begin PBXTargetDependency section */
		43AB3C5A22A9C15B0056A8F2 /* PBXTargetDependency */ = {
			isa = PBXTargetDependency;
			target = 43AB3C4322A9C1590056A8F2 /* LabelTest */;
			targetProxy = 43AB3C5922A9C15B0056A8F2 /* PBXContainerItemProxy */;
		};
		43AB3C6522A9C15B0056A8F2 /* PBXTargetDependency */ = {
			isa = PBXTargetDependency;
			target = 43AB3C4322A9C1590056A8F2 /* LabelTest */;
			targetProxy = 43AB3C6422A9C15B0056A8F2 /* PBXContainerItemProxy */;
		};
/* End PBXTargetDependency section */

/* Begin PBXVariantGroup section */
		43AB3C4B22A9C1590056A8F2 /* Main.storyboard */ = {
			isa = PBXVariantGroup;
			children = (
				43AB3C4C22A9C1590056A8F2 /* Base */,
			);
			name = Main.storyboard;
			sourceTree = "<group>";
		};
		43AB3C5022A9C15B0056A8F2 /* LaunchScreen.storyboard */ = {
			isa = PBXVariantGroup;
			children = (
				43AB3C5122A9C15B0056A8F2 /* Base */,
			);
			name = LaunchScreen.storyboard;
			sourceTree = "<group>";
		};
/* End PBXVariantGroup section */

/* Begin XCBuildConfiguration section */
		43AB3C6A22A9C15B0056A8F2 /* Debug */ = {
			isa = XCBuildConfiguration;
			buildSettings = {
				ALWAYS_SEARCH_USER_PATHS = NO;
				CLANG_ANALYZER_NONNULL = YES;
				CLANG_ANALYZER_NUMBER_OBJECT_CONVERSION = YES_AGGRESSIVE;
				CLANG_CXX_LANGUAGE_STANDARD = "gnu++14";
				CLANG_CXX_LIBRARY = "libc++";
				CLANG_ENABLE_MODULES = YES;
				CLANG_ENABLE_OBJC_ARC = YES;
				CLANG_ENABLE_OBJC_WEAK = YES;
				CLANG_WARN_BLOCK_CAPTURE_AUTORELEASING = YES;
				CLANG_WARN_BOOL_CONVERSION = YES;
				CLANG_WARN_COMMA = YES;
				CLANG_WARN_CONSTANT_CONVERSION = YES;
				CLANG_WARN_DEPRECATED_OBJC_IMPLEMENTATIONS = YES;
				CLANG_WARN_DIRECT_OBJC_ISA_USAGE = YES_ERROR;
				CLANG_WARN_DOCUMENTATION_COMMENTS = YES;
				CLANG_WARN_EMPTY_BODY = YES;
				CLANG_WARN_ENUM_CONVERSION = YES;
				CLANG_WARN_INFINITE_RECURSION = YES;
				CLANG_WARN_INT_CONVERSION = YES;
				CLANG_WARN_NON_LITERAL_NULL_CONVERSION = YES;
				CLANG_WARN_OBJC_IMPLICIT_RETAIN_SELF = YES;
				CLANG_WARN_OBJC_LITERAL_CONVERSION = YES;
				CLANG_WARN_OBJC_ROOT_CLASS = YES_ERROR;
				CLANG_WARN_RANGE_LOOP_ANALYSIS = YES;
				CLANG_WARN_STRICT_PROTOTYPES = YES;
				CLANG_WARN_SUSPICIOUS_MOVE = YES;
				CLANG_WARN_UNGUARDED_AVAILABILITY = YES_AGGRESSIVE;
				CLANG_WARN_UNREACHABLE_CODE = YES;
				CLANG_WARN__DUPLICATE_METHOD_MATCH = YES;
				CODE_SIGN_IDENTITY = "iPhone Developer";
				COPY_PHASE_STRIP = NO;
				DEBUG_INFORMATION_FORMAT = dwarf;
				ENABLE_STRICT_OBJC_MSGSEND = YES;
				ENABLE_TESTABILITY = YES;
				GCC_C_LANGUAGE_STANDARD = gnu11;
				GCC_DYNAMIC_NO_PIC = NO;
				GCC_NO_COMMON_BLOCKS = YES;
				GCC_OPTIMIZATION_LEVEL = 0;
				GCC_PREPROCESSOR_DEFINITIONS = (
					"DEBUG=1",
					"$(inherited)",
				);
				GCC_WARN_64_TO_32_BIT_CONVERSION = YES;
				GCC_WARN_ABOUT_RETURN_TYPE = YES_ERROR;
				GCC_WARN_UNDECLARED_SELECTOR = YES;
				GCC_WARN_UNINITIALIZED_AUTOS = YES_AGGRESSIVE;
				GCC_WARN_UNUSED_FUNCTION = YES;
				GCC_WARN_UNUSED_VARIABLE = YES;
				IPHONEOS_DEPLOYMENT_TARGET = 12.1;
				MTL_ENABLE_DEBUG_INFO = INCLUDE_SOURCE;
				MTL_FAST_MATH = YES;
				ONLY_ACTIVE_ARCH = YES;
				SDKROOT = iphoneos;
				SWIFT_ACTIVE_COMPILATION_CONDITIONS = DEBUG;
				SWIFT_OPTIMIZATION_LEVEL = "-Onone";
			};
			name = Debug;
		};
		43AB3C6B22A9C15B0056A8F2 /* Release */ = {
			isa = XCBuildConfiguration;
			buildSettings = {
				ALWAYS_SEARCH_USER_PATHS = NO;
				CLANG_ANALYZER_NONNULL = YES;
				CLANG_ANALYZER_NUMBER_OBJECT_CONVERSION = YES_AGGRESSIVE;
				CLANG_CXX_LANGUAGE_STANDARD = "gnu++14";
				CLANG_CXX_LIBRARY = "libc++";
				CLANG_ENABLE_MODULES = YES;
				CLANG_ENABLE_OBJC_ARC = YES;
				CLANG_ENABLE_OBJC_WEAK = YES;
				CLANG_WARN_BLOCK_CAPTURE_AUTORELEASING = YES;
				CLANG_WARN_BOOL_CONVERSION = YES;
				CLANG_WARN_COMMA = YES;
				CLANG_WARN_CONSTANT_CONVERSION = YES;
				CLANG_WARN_DEPRECATED_OBJC_IMPLEMENTATIONS = YES;
				CLANG_WARN_DIRECT_OBJC_ISA_USAGE = YES_ERROR;
				CLANG_WARN_DOCUMENTATION_COMMENTS = YES;
				CLANG_WARN_EMPTY_BODY = YES;
				CLANG_WARN_ENUM_CONVERSION = YES;
				CLANG_WARN_INFINITE_RECURSION = YES;
				CLANG_WARN_INT_CONVERSION = YES;
				CLANG_WARN_NON_LITERAL_NULL_CONVERSION = YES;
				CLANG_WARN_OBJC_IMPLICIT_RETAIN_SELF = YES;
				CLANG_WARN_OBJC_LITERAL_CONVERSION = YES;
				CLANG_WARN_OBJC_ROOT_CLASS = YES_ERROR;
				CLANG_WARN_RANGE_LOOP_ANALYSIS = YES;
				CLANG_WARN_STRICT_PROTOTYPES = YES;
				CLANG_WARN_SUSPICIOUS_MOVE = YES;
				CLANG_WARN_UNGUARDED_AVAILABILITY = YES_AGGRESSIVE;
				CLANG_WARN_UNREACHABLE_CODE = YES;
				CLANG_WARN__DUPLICATE_METHOD_MATCH = YES;
				CODE_SIGN_IDENTITY = "iPhone Developer";
				COPY_PHASE_STRIP = NO;
				DEBUG_INFORMATION_FORMAT = "dwarf-with-dsym";
				ENABLE_NS_ASSERTIONS = NO;
				ENABLE_STRICT_OBJC_MSGSEND = YES;
				GCC_C_LANGUAGE_STANDARD = gnu11;
				GCC_NO_COMMON_BLOCKS = YES;
				GCC_WARN_64_TO_32_BIT_CONVERSION = YES;
				GCC_WARN_ABOUT_RETURN_TYPE = YES_ERROR;
				GCC_WARN_UNDECLARED_SELECTOR = YES;
				GCC_WARN_UNINITIALIZED_AUTOS = YES_AGGRESSIVE;
				GCC_WARN_UNUSED_FUNCTION = YES;
				GCC_WARN_UNUSED_VARIABLE = YES;
				IPHONEOS_DEPLOYMENT_TARGET = 12.1;
				MTL_ENABLE_DEBUG_INFO = NO;
				MTL_FAST_MATH = YES;
				SDKROOT = iphoneos;
				SWIFT_COMPILATION_MODE = wholemodule;
				SWIFT_OPTIMIZATION_LEVEL = "-O";
				VALIDATE_PRODUCT = YES;
			};
			name = Release;
		};
		43AB3C6D22A9C15B0056A8F2 /* Debug */ = {
			isa = XCBuildConfiguration;
			buildSettings = {
				ASSETCATALOG_COMPILER_APPICON_NAME = AppIcon;
				CODE_SIGN_STYLE = Automatic;
				INFOPLIST_FILE = LabelTest/Info.plist;
				LD_RUNPATH_SEARCH_PATHS = (
					"$(inherited)",
					"@executable_path/Frameworks",
				);
				PRODUCT_BUNDLE_IDENTIFIER = test.LabelTest;
				PRODUCT_NAME = "$(TARGET_NAME)";
				SWIFT_VERSION = 4.2;
				TARGETED_DEVICE_FAMILY = "1,2";
			};
			name = Debug;
		};
		43AB3C6E22A9C15B0056A8F2 /* Release */ = {
			isa = XCBuildConfiguration;
			buildSettings = {
				ASSETCATALOG_COMPILER_APPICON_NAME = AppIcon;
				CODE_SIGN_STYLE = Automatic;
				INFOPLIST_FILE = LabelTest/Info.plist;
				LD_RUNPATH_SEARCH_PATHS = (
					"$(inherited)",
					"@executable_path/Frameworks",
				);
				PRODUCT_BUNDLE_IDENTIFIER = test.LabelTest;
				PRODUCT_NAME = "$(TARGET_NAME)";
				SWIFT_VERSION = 4.2;
				TARGETED_DEVICE_FAMILY = "1,2";
			};
			name = Release;
		};
		43AB3C7022A9C15B0056A8F2 /* Debug */ = {
			isa = XCBuildConfiguration;
			buildSettings = {
				ALWAYS_EMBED_SWIFT_STANDARD_LIBRARIES = YES;
				BUNDLE_LOADER = "$(TEST_HOST)";
				CODE_SIGN_STYLE = Automatic;
				INFOPLIST_FILE = LabelTestTests/Info.plist;
				LD_RUNPATH_SEARCH_PATHS = (
					"$(inherited)",
					"@executable_path/Frameworks",
					"@loader_path/Frameworks",
				);
				PRODUCT_BUNDLE_IDENTIFIER = test.LabelTestTests;
				PRODUCT_NAME = "$(TARGET_NAME)";
				SWIFT_VERSION = 4.2;
				TARGETED_DEVICE_FAMILY = "1,2";
				TEST_HOST = "$(BUILT_PRODUCTS_DIR)/LabelTest.app/LabelTest";
			};
			name = Debug;
		};
		43AB3C7122A9C15B0056A8F2 /* Release */ = {
			isa = XCBuildConfiguration;
			buildSettings = {
				ALWAYS_EMBED_SWIFT_STANDARD_LIBRARIES = YES;
				BUNDLE_LOADER = "$(TEST_HOST)";
				CODE_SIGN_STYLE = Automatic;
				INFOPLIST_FILE = LabelTestTests/Info.plist;
				LD_RUNPATH_SEARCH_PATHS = (
					"$(inherited)",
					"@executable_path/Frameworks",
					"@loader_path/Frameworks",
				);
				PRODUCT_BUNDLE_IDENTIFIER = test.LabelTestTests;
				PRODUCT_NAME = "$(TARGET_NAME)";
				SWIFT_VERSION = 4.2;
				TARGETED_DEVICE_FAMILY = "1,2";
				TEST_HOST = "$(BUILT_PRODUCTS_DIR)/LabelTest.app/LabelTest";
			};
			name = Release;
		};
		43AB3C7322A9C15B0056A8F2 /* Debug */ = {
			isa = XCBuildConfiguration;
			buildSettings = {
				ALWAYS_EMBED_SWIFT_STANDARD_LIBRARIES = YES;
				CODE_SIGN_STYLE = Automatic;
				INFOPLIST_FILE = LabelTestUITests/Info.plist;
				LD_RUNPATH_SEARCH_PATHS = (
					"$(inherited)",
					"@executable_path/Frameworks",
					"@loader_path/Frameworks",
				);
				PRODUCT_BUNDLE_IDENTIFIER = test.LabelTestUITests;
				PRODUCT_NAME = "$(TARGET_NAME)";
				SWIFT_VERSION = 4.2;
				TARGETED_DEVICE_FAMILY = "1,2";
				TEST_TARGET_NAME = LabelTest;
			};
			name = Debug;
		};
		43AB3C7422A9C15B0056A8F2 /* Release */ = {
			isa = XCBuildConfiguration;
			buildSettings = {
				ALWAYS_EMBED_SWIFT_STANDARD_LIBRARIES = YES;
				CODE_SIGN_STYLE = Automatic;
				INFOPLIST_FILE = LabelTestUITests/Info.plist;
				LD_RUNPATH_SEARCH_PATHS = (
					"$(inherited)",
					"@executable_path/Frameworks",
					"@loader_path/Frameworks",
				);
				PRODUCT_BUNDLE_IDENTIFIER = test.LabelTestUITests;
				PRODUCT_NAME = "$(TARGET_NAME)";
				SWIFT_VERSION = 4.2;
				TARGETED_DEVICE_FAMILY = "1,2";
				TEST_TARGET_NAME = LabelTest;
			};
			name = Release;
		};
/* End XCBuildConfiguration section */

/* Begin XCConfigurationList section */
		43AB3C3F22A9C1590056A8F2 /* Build configuration list for PBXProject "LabelTest" */ = {
			isa = XCConfigurationList;
			buildConfigurations = (
				43AB3C6A22A9C15B0056A8F2 /* Debug */,
				43AB3C6B22A9C15B0056A8F2 /* Release */,
			);
			defaultConfigurationIsVisible = 0;
			defaultConfigurationName = Release;
		};
		43AB3C6C22A9C15B0056A8F2 /* Build configuration list for PBXNativeTarget "LabelTest" */ = {
			isa = XCConfigurationList;
			buildConfigurations = (
				43AB3C6D22A9C15B0056A8F2 /* Debug */,
				43AB3C6E22A9C15B0056A8F2 /* Release */,
			);
			defaultConfigurationIsVisible = 0;
			defaultConfigurationName = Release;
		};
		43AB3C6F22A9C15B0056A8F2 /* Build configuration list for PBXNativeTarget "LabelTestTests" */ = {
			isa = XCConfigurationList;
			buildConfigurations = (
				43AB3C7022A9C15B0056A8F2 /* Debug */,
				43AB3C7122A9C15B0056A8F2 /* Release */,
			);
			defaultConfigurationIsVisible = 0;
			defaultConfigurationName = Release;
		};
		43AB3C7222A9C15B0056A8F2 /* Build configuration list for PBXNativeTarget "LabelTestUITests" */ = {
			isa = XCConfigurationList;
			buildConfigurations = (
				43AB3C7322A9C15B0056A8F2 /* Debug */,
				43AB3C7422A9C15B0056A8F2 /* Release */,
			);
			defaultConfigurationIsVisible = 0;
			defaultConfigurationName = Release;
		};
/* End XCConfigurationList section */
	};
	rootObject = 43AB3C3C22A9C1590056A8F2 /* Project object */;
}
